
Microsoft Visual Studio Solution File, Format Version 12.00
# Visual Studio Version 16
VisualStudioVersion = 16.0.30503.244
MinimumVisualStudioVersion = 10.0.40219.1
Project("{9A19103F-16F7-4668-BE54-9A1E7A4F7556}") = "DevryService", "DevryService\DevryService.csproj", "{8B05D0DD-DE23-470D-9092-6EDD72177FAE}"
EndProject
Project("{FAE04EC0-301F-11D3-BF4B-00C04F79EFBC}") = "DevryService.Web", "DevryService.Web\DevryService.Web.csproj", "{D0E16831-9115-49FC-B29C-7325F9BFF4FC}"
EndProject
Project("{FAE04EC0-301F-11D3-BF4B-00C04F79EFBC}") = "DevryServices.Common", "DevryServices.Common\DevryServices.Common.csproj", "{6BEC7EEA-C64F-41BF-9F78-1BE4C25F7B23}"
EndProject
Project("{FAE04EC0-301F-11D3-BF4B-00C04F79EFBC}") = "DevryService.Bot", "DevryService.Bot\DevryService.Bot.csproj", "{F1347B39-E152-4D46-81C5-1BB9F446EBC7}"
EndProject
Project("{FAE04EC0-301F-11D3-BF4B-00C04F79EFBC}") = "DevryService.Database", "DevryService.Database\DevryService.Database.csproj", "{DE785BAD-B33C-4C00-8F39-4748C84DDECE}"
EndProject
Project("{2150E333-8FDC-42A3-9474-1A3956D46DE8}") = "src", "src", "{3FCE694C-F8F4-472F-A494-BC75DE4E3B17}"
EndProject
Project("{2150E333-8FDC-42A3-9474-1A3956D46DE8}") = "tests", "tests", "{2AB73864-A1A0-4A25-B6CB-6FD640130D89}"
EndProject
Project("{FAE04EC0-301F-11D3-BF4B-00C04F79EFBC}") = "Domain", "Domain\Domain.csproj", "{B313DFC4-FAEB-4DD4-BD2E-BAC902877483}"
EndProject
Project("{FAE04EC0-301F-11D3-BF4B-00C04F79EFBC}") = "Infrastructure", "Infrastructure\Infrastructure.csproj", "{20895023-6FB3-4E6E-9B90-9DEF2D5C028C}"
EndProject
Project("{FAE04EC0-301F-11D3-BF4B-00C04F79EFBC}") = "Application", "Application\Application.csproj", "{0096846A-B991-459A-824D-630C443BAF76}"
EndProject
Project("{FAE04EC0-301F-11D3-BF4B-00C04F79EFBC}") = "Web", "Web\Web.csproj", "{2662261B-ECC9-422A-8995-BB8818D10A03}"
EndProject
Global
	GlobalSection(SolutionConfigurationPlatforms) = preSolution
		Debug|Any CPU = Debug|Any CPU
		Release|Any CPU = Release|Any CPU
	EndGlobalSection
	GlobalSection(ProjectConfigurationPlatforms) = postSolution
		{8B05D0DD-DE23-470D-9092-6EDD72177FAE}.Debug|Any CPU.ActiveCfg = Debug|Any CPU
		{8B05D0DD-DE23-470D-9092-6EDD72177FAE}.Debug|Any CPU.Build.0 = Debug|Any CPU
		{8B05D0DD-DE23-470D-9092-6EDD72177FAE}.Release|Any CPU.ActiveCfg = Release|Any CPU
		{8B05D0DD-DE23-470D-9092-6EDD72177FAE}.Release|Any CPU.Build.0 = Release|Any CPU
		{D0E16831-9115-49FC-B29C-7325F9BFF4FC}.Debug|Any CPU.ActiveCfg = Debug|Any CPU
		{D0E16831-9115-49FC-B29C-7325F9BFF4FC}.Debug|Any CPU.Build.0 = Debug|Any CPU
		{D0E16831-9115-49FC-B29C-7325F9BFF4FC}.Release|Any CPU.ActiveCfg = Release|Any CPU
		{D0E16831-9115-49FC-B29C-7325F9BFF4FC}.Release|Any CPU.Build.0 = Release|Any CPU
		{6BEC7EEA-C64F-41BF-9F78-1BE4C25F7B23}.Debug|Any CPU.ActiveCfg = Debug|Any CPU
		{6BEC7EEA-C64F-41BF-9F78-1BE4C25F7B23}.Debug|Any CPU.Build.0 = Debug|Any CPU
		{6BEC7EEA-C64F-41BF-9F78-1BE4C25F7B23}.Release|Any CPU.ActiveCfg = Release|Any CPU
		{6BEC7EEA-C64F-41BF-9F78-1BE4C25F7B23}.Release|Any CPU.Build.0 = Release|Any CPU
		{F1347B39-E152-4D46-81C5-1BB9F446EBC7}.Debug|Any CPU.ActiveCfg = Debug|Any CPU
		{F1347B39-E152-4D46-81C5-1BB9F446EBC7}.Debug|Any CPU.Build.0 = Debug|Any CPU
		{F1347B39-E152-4D46-81C5-1BB9F446EBC7}.Release|Any CPU.ActiveCfg = Release|Any CPU
		{F1347B39-E152-4D46-81C5-1BB9F446EBC7}.Release|Any CPU.Build.0 = Release|Any CPU
		{DE785BAD-B33C-4C00-8F39-4748C84DDECE}.Debug|Any CPU.ActiveCfg = Debug|Any CPU
		{DE785BAD-B33C-4C00-8F39-4748C84DDECE}.Debug|Any CPU.Build.0 = Debug|Any CPU
		{DE785BAD-B33C-4C00-8F39-4748C84DDECE}.Release|Any CPU.ActiveCfg = Release|Any CPU
		{DE785BAD-B33C-4C00-8F39-4748C84DDECE}.Release|Any CPU.Build.0 = Release|Any CPU
		{B313DFC4-FAEB-4DD4-BD2E-BAC902877483}.Debug|Any CPU.ActiveCfg = Debug|Any CPU
		{B313DFC4-FAEB-4DD4-BD2E-BAC902877483}.Debug|Any CPU.Build.0 = Debug|Any CPU
		{B313DFC4-FAEB-4DD4-BD2E-BAC902877483}.Release|Any CPU.ActiveCfg = Release|Any CPU
		{B313DFC4-FAEB-4DD4-BD2E-BAC902877483}.Release|Any CPU.Build.0 = Release|Any CPU
		{20895023-6FB3-4E6E-9B90-9DEF2D5C028C}.Debug|Any CPU.ActiveCfg = Debug|Any CPU
		{20895023-6FB3-4E6E-9B90-9DEF2D5C028C}.Debug|Any CPU.Build.0 = Debug|Any CPU
		{20895023-6FB3-4E6E-9B90-9DEF2D5C028C}.Release|Any CPU.ActiveCfg = Release|Any CPU
		{20895023-6FB3-4E6E-9B90-9DEF2D5C028C}.Release|Any CPU.Build.0 = Release|Any CPU
		{0096846A-B991-459A-824D-630C443BAF76}.Debug|Any CPU.ActiveCfg = Debug|Any CPU
		{0096846A-B991-459A-824D-630C443BAF76}.Debug|Any CPU.Build.0 = Debug|Any CPU
		{0096846A-B991-459A-824D-630C443BAF76}.Release|Any CPU.ActiveCfg = Release|Any CPU
		{0096846A-B991-459A-824D-630C443BAF76}.Release|Any CPU.Build.0 = Release|Any CPU
		{2662261B-ECC9-422A-8995-BB8818D10A03}.Debug|Any CPU.ActiveCfg = Debug|Any CPU
		{2662261B-ECC9-422A-8995-BB8818D10A03}.Debug|Any CPU.Build.0 = Debug|Any CPU
		{2662261B-ECC9-422A-8995-BB8818D10A03}.Release|Any CPU.ActiveCfg = Release|Any CPU
		{2662261B-ECC9-422A-8995-BB8818D10A03}.Release|Any CPU.Build.0 = Release|Any CPU
	EndGlobalSection
	GlobalSection(SolutionProperties) = preSolution
		HideSolutionNode = FALSE
	EndGlobalSection
	GlobalSection(ExtensibilityGlobals) = postSolution
		SolutionGuid = {2F4442A9-08F5-479F-8967-6F7FC1F3E75E}
	EndGlobalSection
	GlobalSection(NestedProjects) = preSolution
		{B313DFC4-FAEB-4DD4-BD2E-BAC902877483} = {3FCE694C-F8F4-472F-A494-BC75DE4E3B17}
		{20895023-6FB3-4E6E-9B90-9DEF2D5C028C} = {3FCE694C-F8F4-472F-A494-BC75DE4E3B17}
		{0096846A-B991-459A-824D-630C443BAF76} = {3FCE694C-F8F4-472F-A494-BC75DE4E3B17}
		{2662261B-ECC9-422A-8995-BB8818D10A03} = {3FCE694C-F8F4-472F-A494-BC75DE4E3B17}
	EndGlobalSection
EndGlobal
